// !$*UTF8*$!
{
	archiveVersion = 1;
	classes = {
	};
	objectVersion = 50;
	objects = {

/* Begin PBXBuildFile section */
		2A30C23A2501F35400BEAC9E /* AppDelegate.swift in Sources */ = {isa = PBXBuildFile; fileRef = 2A30C2392501F35400BEAC9E /* AppDelegate.swift */; };
		2A30C23C2501F35400BEAC9E /* SceneDelegate.swift in Sources */ = {isa = PBXBuildFile; fileRef = 2A30C23B2501F35400BEAC9E /* SceneDelegate.swift */; };
		2A30C23E2501F35400BEAC9E /* MainViewController.swift in Sources */ = {isa = PBXBuildFile; fileRef = 2A30C23D2501F35400BEAC9E /* MainViewController.swift */; };
		2A30C2412501F35400BEAC9E /* Main.storyboard in Resources */ = {isa = PBXBuildFile; fileRef = 2A30C23F2501F35400BEAC9E /* Main.storyboard */; };
		2A30C2442501F35400BEAC9E /* _0200904ConstraintTraining.xcdatamodeld in Sources */ = {isa = PBXBuildFile; fileRef = 2A30C2422501F35400BEAC9E /* _0200904ConstraintTraining.xcdatamodeld */; };
		2A30C2462501F35900BEAC9E /* Assets.xcassets in Resources */ = {isa = PBXBuildFile; fileRef = 2A30C2452501F35900BEAC9E /* Assets.xcassets */; };
		2A30C2492501F35900BEAC9E /* LaunchScreen.storyboard in Resources */ = {isa = PBXBuildFile; fileRef = 2A30C2472501F35900BEAC9E /* LaunchScreen.storyboard */; };
		2A30C2512501F7A500BEAC9E /* QuestionTabBarController_StoryBoard.swift in Sources */ = {isa = PBXBuildFile; fileRef = 2A30C2502501F7A500BEAC9E /* QuestionTabBarController_StoryBoard.swift */; };
		2A30C2542501FAE000BEAC9E /* MultipleChoiceQuestionViewController_StoryBoard.swift in Sources */ = {isa = PBXBuildFile; fileRef = 2A30C2532501FAE000BEAC9E /* MultipleChoiceQuestionViewController_StoryBoard.swift */; };
		2A30C25625021B4F00BEAC9E /* CollectionViewCell.swift in Sources */ = {isa = PBXBuildFile; fileRef = 2A30C25525021B4F00BEAC9E /* CollectionViewCell.swift */; };
		2A30C2582502201400BEAC9E /* TableViewCell.swift in Sources */ = {isa = PBXBuildFile; fileRef = 2A30C2572502201400BEAC9E /* TableViewCell.swift */; };
		2A30C25D25022ED200BEAC9E /* MultipleChoiceQuestionViewController_Anchor.swift in Sources */ = {isa = PBXBuildFile; fileRef = 2A30C25C25022ED200BEAC9E /* MultipleChoiceQuestionViewController_Anchor.swift */; };
		2A9403AE25061D5900D539FC /* MultipleChoiceQuestionViewController_AutoResizingMaskViewController.swift in Sources */ = {isa = PBXBuildFile; fileRef = 2A9403AD25061D5900D539FC /* MultipleChoiceQuestionViewController_AutoResizingMaskViewController.swift */; };
		2A9403B6250707EE00D539FC /* QuestionTabBarController.swift in Sources */ = {isa = PBXBuildFile; fileRef = 2A9403B5250707EE00D539FC /* QuestionTabBarController.swift */; };
		2A9403B825070C8F00D539FC /* MultipleChoiceQuestionViewController_NSLayoutConstraint.swift in Sources */ = {isa = PBXBuildFile; fileRef = 2A9403B725070C8F00D539FC /* MultipleChoiceQuestionViewController_NSLayoutConstraint.swift */; };
		2A9403BA250726EE00D539FC /* MutipleChoiceQuestionViewController_VisualFormat.swift in Sources */ = {isa = PBXBuildFile; fileRef = 2A9403B9250726EE00D539FC /* MutipleChoiceQuestionViewController_VisualFormat.swift */; };
		2A9403BC2507641000D539FC /* MultipleChoiceQuestionViewController_NSLayout_VisualFormat.swift in Sources */ = {isa = PBXBuildFile; fileRef = 2A9403BB2507641000D539FC /* MultipleChoiceQuestionViewController_NSLayout_VisualFormat.swift */; };
		2A9403BE2507665800D539FC /* Storyboard.storyboard in Resources */ = {isa = PBXBuildFile; fileRef = 2A9403BD2507665800D539FC /* Storyboard.storyboard */; };
/* End PBXBuildFile section */

/* Begin PBXFileReference section */
		2A30C2362501F35400BEAC9E /* 20200904ConstraintTraining.app */ = {isa = PBXFileReference; explicitFileType = wrapper.application; includeInIndex = 0; path = 20200904ConstraintTraining.app; sourceTree = BUILT_PRODUCTS_DIR; };
		2A30C2392501F35400BEAC9E /* AppDelegate.swift */ = {isa = PBXFileReference; lastKnownFileType = sourcecode.swift; path = AppDelegate.swift; sourceTree = "<group>"; };
		2A30C23B2501F35400BEAC9E /* SceneDelegate.swift */ = {isa = PBXFileReference; lastKnownFileType = sourcecode.swift; path = SceneDelegate.swift; sourceTree = "<group>"; };
		2A30C23D2501F35400BEAC9E /* MainViewController.swift */ = {isa = PBXFileReference; lastKnownFileType = sourcecode.swift; path = MainViewController.swift; sourceTree = "<group>"; };
		2A30C2402501F35400BEAC9E /* Base */ = {isa = PBXFileReference; lastKnownFileType = file.storyboard; name = Base; path = Base.lproj/Main.storyboard; sourceTree = "<group>"; };
		2A30C2432501F35400BEAC9E /* _0200904ConstraintTraining.xcdatamodel */ = {isa = PBXFileReference; lastKnownFileType = wrapper.xcdatamodel; path = _0200904ConstraintTraining.xcdatamodel; sourceTree = "<group>"; };
		2A30C2452501F35900BEAC9E /* Assets.xcassets */ = {isa = PBXFileReference; lastKnownFileType = folder.assetcatalog; path = Assets.xcassets; sourceTree = "<group>"; };
		2A30C2482501F35900BEAC9E /* Base */ = {isa = PBXFileReference; lastKnownFileType = file.storyboard; name = Base; path = Base.lproj/LaunchScreen.storyboard; sourceTree = "<group>"; };
		2A30C24A2501F35900BEAC9E /* Info.plist */ = {isa = PBXFileReference; lastKnownFileType = text.plist.xml; path = Info.plist; sourceTree = "<group>"; };
		2A30C2502501F7A500BEAC9E /* QuestionTabBarController_StoryBoard.swift */ = {isa = PBXFileReference; lastKnownFileType = sourcecode.swift; path = QuestionTabBarController_StoryBoard.swift; sourceTree = "<group>"; };
		2A30C2532501FAE000BEAC9E /* MultipleChoiceQuestionViewController_StoryBoard.swift */ = {isa = PBXFileReference; lastKnownFileType = sourcecode.swift; path = MultipleChoiceQuestionViewController_StoryBoard.swift; sourceTree = "<group>"; };
		2A30C25525021B4F00BEAC9E /* CollectionViewCell.swift */ = {isa = PBXFileReference; lastKnownFileType = sourcecode.swift; path = CollectionViewCell.swift; sourceTree = "<group>"; };
		2A30C2572502201400BEAC9E /* TableViewCell.swift */ = {isa = PBXFileReference; lastKnownFileType = sourcecode.swift; path = TableViewCell.swift; sourceTree = "<group>"; };
		2A30C25C25022ED200BEAC9E /* MultipleChoiceQuestionViewController_Anchor.swift */ = {isa = PBXFileReference; lastKnownFileType = sourcecode.swift; path = MultipleChoiceQuestionViewController_Anchor.swift; sourceTree = "<group>"; };
		2A9403AD25061D5900D539FC /* MultipleChoiceQuestionViewController_AutoResizingMaskViewController.swift */ = {isa = PBXFileReference; lastKnownFileType = sourcecode.swift; path = MultipleChoiceQuestionViewController_AutoResizingMaskViewController.swift; sourceTree = "<group>"; };
		2A9403B5250707EE00D539FC /* QuestionTabBarController.swift */ = {isa = PBXFileReference; lastKnownFileType = sourcecode.swift; path = QuestionTabBarController.swift; sourceTree = "<group>"; };
		2A9403B725070C8F00D539FC /* MultipleChoiceQuestionViewController_NSLayoutConstraint.swift */ = {isa = PBXFileReference; lastKnownFileType = sourcecode.swift; path = MultipleChoiceQuestionViewController_NSLayoutConstraint.swift; sourceTree = "<group>"; };
		2A9403B9250726EE00D539FC /* MutipleChoiceQuestionViewController_VisualFormat.swift */ = {isa = PBXFileReference; lastKnownFileType = sourcecode.swift; path = MutipleChoiceQuestionViewController_VisualFormat.swift; sourceTree = "<group>"; };
		2A9403BB2507641000D539FC /* MultipleChoiceQuestionViewController_NSLayout_VisualFormat.swift */ = {isa = PBXFileReference; lastKnownFileType = sourcecode.swift; path = MultipleChoiceQuestionViewController_NSLayout_VisualFormat.swift; sourceTree = "<group>"; };
		2A9403BD2507665800D539FC /* Storyboard.storyboard */ = {isa = PBXFileReference; lastKnownFileType = file.storyboard; path = Storyboard.storyboard; sourceTree = "<group>"; };
/* End PBXFileReference section */

/* Begin PBXFrameworksBuildPhase section */
		2A30C2332501F35400BEAC9E /* Frameworks */ = {
			isa = PBXFrameworksBuildPhase;
			buildActionMask = 2147483647;
			files = (
			);
			runOnlyForDeploymentPostprocessing = 0;
		};
/* End PBXFrameworksBuildPhase section */

/* Begin PBXGroup section */
		2A30C22D2501F35400BEAC9E = {
			isa = PBXGroup;
			children = (
				2A30C2382501F35400BEAC9E /* 20200904ConstraintTraining */,
			);
			sourceTree = "<group>";
		};
		2A30C2372501F35400BEAC9E /* Products */ = {
			isa = PBXGroup;
			children = (
				2A30C2362501F35400BEAC9E /* 20200904ConstraintTraining.app */,
			);
			name = Products;
			path = ..;
			sourceTree = "<group>";
		};
		2A30C2382501F35400BEAC9E /* 20200904ConstraintTraining */ = {
			isa = PBXGroup;
			children = (
				2A30C2392501F35400BEAC9E /* AppDelegate.swift */,
				2A30C23B2501F35400BEAC9E /* SceneDelegate.swift */,
				2A30C2452501F35900BEAC9E /* Assets.xcassets */,
				2A30C2472501F35900BEAC9E /* LaunchScreen.storyboard */,
				2A30C24A2501F35900BEAC9E /* Info.plist */,
				2A30C2422501F35400BEAC9E /* _0200904ConstraintTraining.xcdatamodeld */,
				2A30C23F2501F35400BEAC9E /* Main.storyboard */,
				2A30C23D2501F35400BEAC9E /* MainViewController.swift */,
				2A9403B5250707EE00D539FC /* QuestionTabBarController.swift */,
				2A30C2522501FA9000BEAC9E /* 1_StoryBoard */,
				2A9403AF250629F200D539FC /* 2_NSLayoutConstraint */,
				2A9403B025062A1100D539FC /* 3_VisualFormatLanguege */,
				2A9403B125062A2E00D539FC /* 4_NSLayout+VisualFormat */,
				2A9403AA25061C9000D539FC /* 5_AutoResizingMask */,
				2A30C2592502286D00BEAC9E /* 6_Anchor */,
				2A9403B225062A6200D539FC /* 7_intrinsicContentSize */,
				2A30C2372501F35400BEAC9E /* Products */,
			);
			path = 20200904ConstraintTraining;
			sourceTree = "<group>";
		};
		2A30C2522501FA9000BEAC9E /* 1_StoryBoard */ = {
			isa = PBXGroup;
			children = (
				2A30C2502501F7A500BEAC9E /* QuestionTabBarController_StoryBoard.swift */,
				2A30C2532501FAE000BEAC9E /* MultipleChoiceQuestionViewController_StoryBoard.swift */,
				2A30C25525021B4F00BEAC9E /* CollectionViewCell.swift */,
				2A30C2572502201400BEAC9E /* TableViewCell.swift */,
				2A9403BD2507665800D539FC /* Storyboard.storyboard */,
			);
			path = 1_StoryBoard;
			sourceTree = "<group>";
		};
		2A30C2592502286D00BEAC9E /* 6_Anchor */ = {
			isa = PBXGroup;
			children = (
				2A30C25C25022ED200BEAC9E /* MultipleChoiceQuestionViewController_Anchor.swift */,
			);
			path = 6_Anchor;
			sourceTree = "<group>";
		};
		2A9403AA25061C9000D539FC /* 5_AutoResizingMask */ = {
			isa = PBXGroup;
			children = (
				2A9403AD25061D5900D539FC /* MultipleChoiceQuestionViewController_AutoResizingMaskViewController.swift */,
			);
			path = 5_AutoResizingMask;
			sourceTree = "<group>";
		};
		2A9403AF250629F200D539FC /* 2_NSLayoutConstraint */ = {
			isa = PBXGroup;
			children = (
				2A9403B725070C8F00D539FC /* MultipleChoiceQuestionViewController_NSLayoutConstraint.swift */,
			);
			path = 2_NSLayoutConstraint;
			sourceTree = "<group>";
		};
		2A9403B025062A1100D539FC /* 3_VisualFormatLanguege */ = {
			isa = PBXGroup;
			children = (
				2A9403B9250726EE00D539FC /* MutipleChoiceQuestionViewController_VisualFormat.swift */,
			);
			path = 3_VisualFormatLanguege;
			sourceTree = "<group>";
		};
		2A9403B125062A2E00D539FC /* 4_NSLayout+VisualFormat */ = {
			isa = PBXGroup;
			children = (
				2A9403BB2507641000D539FC /* MultipleChoiceQuestionViewController_NSLayout_VisualFormat.swift */,
			);
			path = "4_NSLayout+VisualFormat";
			sourceTree = "<group>";
		};
		2A9403B225062A6200D539FC /* 7_intrinsicContentSize */ = {
			isa = PBXGroup;
			children = (
			);
			path = 7_intrinsicContentSize;
			sourceTree = "<group>";
		};
/* End PBXGroup section */

/* Begin PBXNativeTarget section */
		2A30C2352501F35400BEAC9E /* 20200904ConstraintTraining */ = {
			isa = PBXNativeTarget;
			buildConfigurationList = 2A30C24D2501F35900BEAC9E /* Build configuration list for PBXNativeTarget "20200904ConstraintTraining" */;
			buildPhases = (
				2A30C2322501F35400BEAC9E /* Sources */,
				2A30C2332501F35400BEAC9E /* Frameworks */,
				2A30C2342501F35400BEAC9E /* Resources */,
			);
			buildRules = (
			);
			dependencies = (
			);
			name = 20200904ConstraintTraining;
			productName = 20200904ConstraintTraining;
			productReference = 2A30C2362501F35400BEAC9E /* 20200904ConstraintTraining.app */;
			productType = "com.apple.product-type.application";
		};
/* End PBXNativeTarget section */

/* Begin PBXProject section */
		2A30C22E2501F35400BEAC9E /* Project object */ = {
			isa = PBXProject;
			attributes = {
				LastSwiftUpdateCheck = 1150;
				LastUpgradeCheck = 1150;
				ORGANIZATIONNAME = "Park young ho";
				TargetAttributes = {
					2A30C2352501F35400BEAC9E = {
						CreatedOnToolsVersion = 11.5;
					};
				};
			};
			buildConfigurationList = 2A30C2312501F35400BEAC9E /* Build configuration list for PBXProject "20200904ConstraintTraining" */;
			compatibilityVersion = "Xcode 9.3";
			developmentRegion = en;
			hasScannedForEncodings = 0;
			knownRegions = (
				en,
				Base,
			);
			mainGroup = 2A30C22D2501F35400BEAC9E;
			productRefGroup = 2A30C2372501F35400BEAC9E /* Products */;
			projectDirPath = "";
			projectRoot = "";
			targets = (
				2A30C2352501F35400BEAC9E /* 20200904ConstraintTraining */,
			);
		};
/* End PBXProject section */

/* Begin PBXResourcesBuildPhase section */
		2A30C2342501F35400BEAC9E /* Resources */ = {
			isa = PBXResourcesBuildPhase;
			buildActionMask = 2147483647;
			files = (
				2A30C2492501F35900BEAC9E /* LaunchScreen.storyboard in Resources */,
				2A9403BE2507665800D539FC /* Storyboard.storyboard in Resources */,
				2A30C2462501F35900BEAC9E /* Assets.xcassets in Resources */,
				2A30C2412501F35400BEAC9E /* Main.storyboard in Resources */,
			);
			runOnlyForDeploymentPostprocessing = 0;
		};
/* End PBXResourcesBuildPhase section */

/* Begin PBXSourcesBuildPhase section */
		2A30C2322501F35400BEAC9E /* Sources */ = {
			isa = PBXSourcesBuildPhase;
			buildActionMask = 2147483647;
			files = (
				2A9403AE25061D5900D539FC /* MultipleChoiceQuestionViewController_AutoResizingMaskViewController.swift in Sources */,
				2A30C23E2501F35400BEAC9E /* MainViewController.swift in Sources */,
				2A30C25D25022ED200BEAC9E /* MultipleChoiceQuestionViewController_Anchor.swift in Sources */,
				2A30C2582502201400BEAC9E /* TableViewCell.swift in Sources */,
				2A30C23A2501F35400BEAC9E /* AppDelegate.swift in Sources */,
				2A9403B825070C8F00D539FC /* MultipleChoiceQuestionViewController_NSLayoutConstraint.swift in Sources */,
				2A9403BC2507641000D539FC /* MultipleChoiceQuestionViewController_NSLayout_VisualFormat.swift in Sources */,
				2A9403BA250726EE00D539FC /* MutipleChoiceQuestionViewController_VisualFormat.swift in Sources */,
				2A30C2542501FAE000BEAC9E /* MultipleChoiceQuestionViewController_StoryBoard.swift in Sources */,
				2A30C25625021B4F00BEAC9E /* CollectionViewCell.swift in Sources */,
				2A30C2442501F35400BEAC9E /* _0200904ConstraintTraining.xcdatamodeld in Sources */,
				2A30C23C2501F35400BEAC9E /* SceneDelegate.swift in Sources */,
				2A9403B6250707EE00D539FC /* QuestionTabBarController.swift in Sources */,
				2A30C2512501F7A500BEAC9E /* QuestionTabBarController_StoryBoard.swift in Sources */,
			);
			runOnlyForDeploymentPostprocessing = 0;
		};
/* End PBXSourcesBuildPhase section */

/* Begin PBXVariantGroup section */
		2A30C23F2501F35400BEAC9E /* Main.storyboard */ = {
			isa = PBXVariantGroup;
			children = (
				2A30C2402501F35400BEAC9E /* Base */,
			);
			name = Main.storyboard;
			sourceTree = "<group>";
		};
		2A30C2472501F35900BEAC9E /* LaunchScreen.storyboard */ = {
			isa = PBXVariantGroup;
			children = (
				2A30C2482501F35900BEAC9E /* Base */,
			);
			name = LaunchScreen.storyboard;
			sourceTree = "<group>";
		};
/* End PBXVariantGroup section */

/* Begin XCBuildConfiguration section */
		2A30C24B2501F35900BEAC9E /* Debug */ = {
			isa = XCBuildConfiguration;
			buildSettings = {
				ALWAYS_SEARCH_USER_PATHS = NO;
				CLANG_ANALYZER_NONNULL = YES;
				CLANG_ANALYZER_NUMBER_OBJECT_CONVERSION = YES_AGGRESSIVE;
				CLANG_CXX_LANGUAGE_STANDARD = "gnu++14";
				CLANG_CXX_LIBRARY = "libc++";
				CLANG_ENABLE_MODULES = YES;
				CLANG_ENABLE_OBJC_ARC = YES;
				CLANG_ENABLE_OBJC_WEAK = YES;
				CLANG_WARN_BLOCK_CAPTURE_AUTORELEASING = YES;
				CLANG_WARN_BOOL_CONVERSION = YES;
				CLANG_WARN_COMMA = YES;
				CLANG_WARN_CONSTANT_CONVERSION = YES;
				CLANG_WARN_DEPRECATED_OBJC_IMPLEMENTATIONS = YES;
				CLANG_WARN_DIRECT_OBJC_ISA_USAGE = YES_ERROR;
				CLANG_WARN_DOCUMENTATION_COMMENTS = YES;
				CLANG_WARN_EMPTY_BODY = YES;
				CLANG_WARN_ENUM_CONVERSION = YES;
				CLANG_WARN_INFINITE_RECURSION = YES;
				CLANG_WARN_INT_CONVERSION = YES;
				CLANG_WARN_NON_LITERAL_NULL_CONVERSION = YES;
				CLANG_WARN_OBJC_IMPLICIT_RETAIN_SELF = YES;
				CLANG_WARN_OBJC_LITERAL_CONVERSION = YES;
				CLANG_WARN_OBJC_ROOT_CLASS = YES_ERROR;
				CLANG_WARN_RANGE_LOOP_ANALYSIS = YES;
				CLANG_WARN_STRICT_PROTOTYPES = YES;
				CLANG_WARN_SUSPICIOUS_MOVE = YES;
				CLANG_WARN_UNGUARDED_AVAILABILITY = YES_AGGRESSIVE;
				CLANG_WARN_UNREACHABLE_CODE = YES;
				CLANG_WARN__DUPLICATE_METHOD_MATCH = YES;
				COPY_PHASE_STRIP = NO;
				DEBUG_INFORMATION_FORMAT = dwarf;
				ENABLE_STRICT_OBJC_MSGSEND = YES;
				ENABLE_TESTABILITY = YES;
				GCC_C_LANGUAGE_STANDARD = gnu11;
				GCC_DYNAMIC_NO_PIC = NO;
				GCC_NO_COMMON_BLOCKS = YES;
				GCC_OPTIMIZATION_LEVEL = 0;
				GCC_PREPROCESSOR_DEFINITIONS = (
					"DEBUG=1",
					"$(inherited)",
				);
				GCC_WARN_64_TO_32_BIT_CONVERSION = YES;
				GCC_WARN_ABOUT_RETURN_TYPE = YES_ERROR;
				GCC_WARN_UNDECLARED_SELECTOR = YES;
				GCC_WARN_UNINITIALIZED_AUTOS = YES_AGGRESSIVE;
				GCC_WARN_UNUSED_FUNCTION = YES;
				GCC_WARN_UNUSED_VARIABLE = YES;
				IPHONEOS_DEPLOYMENT_TARGET = 13.5;
				MTL_ENABLE_DEBUG_INFO = INCLUDE_SOURCE;
				MTL_FAST_MATH = YES;
				ONLY_ACTIVE_ARCH = YES;
				SDKROOT = iphoneos;
				SWIFT_ACTIVE_COMPILATION_CONDITIONS = DEBUG;
				SWIFT_OPTIMIZATION_LEVEL = "-Onone";
			};
			name = Debug;
		};
		2A30C24C2501F35900BEAC9E /* Release */ = {
			isa = XCBuildConfiguration;
			buildSettings = {
				ALWAYS_SEARCH_USER_PATHS = NO;
				CLANG_ANALYZER_NONNULL = YES;
				CLANG_ANALYZER_NUMBER_OBJECT_CONVERSION = YES_AGGRESSIVE;
				CLANG_CXX_LANGUAGE_STANDARD = "gnu++14";
				CLANG_CXX_LIBRARY = "libc++";
				CLANG_ENABLE_MODULES = YES;
				CLANG_ENABLE_OBJC_ARC = YES;
				CLANG_ENABLE_OBJC_WEAK = YES;
				CLANG_WARN_BLOCK_CAPTURE_AUTORELEASING = YES;
				CLANG_WARN_BOOL_CONVERSION = YES;
				CLANG_WARN_COMMA = YES;
				CLANG_WARN_CONSTANT_CONVERSION = YES;
				CLANG_WARN_DEPRECATED_OBJC_IMPLEMENTATIONS = YES;
				CLANG_WARN_DIRECT_OBJC_ISA_USAGE = YES_ERROR;
				CLANG_WARN_DOCUMENTATION_COMMENTS = YES;
				CLANG_WARN_EMPTY_BODY = YES;
				CLANG_WARN_ENUM_CONVERSION = YES;
				CLANG_WARN_INFINITE_RECURSION = YES;
				CLANG_WARN_INT_CONVERSION = YES;
				CLANG_WARN_NON_LITERAL_NULL_CONVERSION = YES;
				CLANG_WARN_OBJC_IMPLICIT_RETAIN_SELF = YES;
				CLANG_WARN_OBJC_LITERAL_CONVERSION = YES;
				CLANG_WARN_OBJC_ROOT_CLASS = YES_ERROR;
				CLANG_WARN_RANGE_LOOP_ANALYSIS = YES;
				CLANG_WARN_STRICT_PROTOTYPES = YES;
				CLANG_WARN_SUSPICIOUS_MOVE = YES;
				CLANG_WARN_UNGUARDED_AVAILABILITY = YES_AGGRESSIVE;
				CLANG_WARN_UNREACHABLE_CODE = YES;
				CLANG_WARN__DUPLICATE_METHOD_MATCH = YES;
				COPY_PHASE_STRIP = NO;
				DEBUG_INFORMATION_FORMAT = "dwarf-with-dsym";
				ENABLE_NS_ASSERTIONS = NO;
				ENABLE_STRICT_OBJC_MSGSEND = YES;
				GCC_C_LANGUAGE_STANDARD = gnu11;
				GCC_NO_COMMON_BLOCKS = YES;
				GCC_WARN_64_TO_32_BIT_CONVERSION = YES;
				GCC_WARN_ABOUT_RETURN_TYPE = YES_ERROR;
				GCC_WARN_UNDECLARED_SELECTOR = YES;
				GCC_WARN_UNINITIALIZED_AUTOS = YES_AGGRESSIVE;
				GCC_WARN_UNUSED_FUNCTION = YES;
				GCC_WARN_UNUSED_VARIABLE = YES;
				IPHONEOS_DEPLOYMENT_TARGET = 13.5;
				MTL_ENABLE_DEBUG_INFO = NO;
				MTL_FAST_MATH = YES;
				SDKROOT = iphoneos;
				SWIFT_COMPILATION_MODE = wholemodule;
				SWIFT_OPTIMIZATION_LEVEL = "-O";
				VALIDATE_PRODUCT = YES;
			};
			name = Release;
		};
		2A30C24E2501F35900BEAC9E /* Debug */ = {
			isa = XCBuildConfiguration;
			buildSettings = {
				ASSETCATALOG_COMPILER_APPICON_NAME = AppIcon;
				CODE_SIGN_STYLE = Automatic;
				DEVELOPMENT_TEAM = KXKQCH6X89;
				INFOPLIST_FILE = 20200904ConstraintTraining/Info.plist;
				LD_RUNPATH_SEARCH_PATHS = (
					"$(inherited)",
					"@executable_path/Frameworks",
				);
				PRODUCT_BUNDLE_IDENTIFIER = "Young-ho-park.-0200904ConstraintTraining";
				PRODUCT_NAME = "$(TARGET_NAME)";
				SWIFT_VERSION = 5.0;
				TARGETED_DEVICE_FAMILY = "1,2";
			};
			name = Debug;
		};
		2A30C24F2501F35900BEAC9E /* Release */ = {
			isa = XCBuildConfiguration;
			buildSettings = {
				ASSETCATALOG_COMPILER_APPICON_NAME = AppIcon;
				CODE_SIGN_STYLE = Automatic;
				DEVELOPMENT_TEAM = KXKQCH6X89;
				INFOPLIST_FILE = 20200904ConstraintTraining/Info.plist;
				LD_RUNPATH_SEARCH_PATHS = (
					"$(inherited)",
					"@executable_path/Frameworks",
				);
				PRODUCT_BUNDLE_IDENTIFIER = "Young-ho-park.-0200904ConstraintTraining";
				PRODUCT_NAME = "$(TARGET_NAME)";
				SWIFT_VERSION = 5.0;
				TARGETED_DEVICE_FAMILY = "1,2";
			};
			name = Release;
		};
/* End XCBuildConfiguration section */

/* Begin XCConfigurationList section */
		2A30C2312501F35400BEAC9E /* Build configuration list for PBXProject "20200904ConstraintTraining" */ = {
			isa = XCConfigurationList;
			buildConfigurations = (
				2A30C24B2501F35900BEAC9E /* Debug */,
				2A30C24C2501F35900BEAC9E /* Release */,
			);
			defaultConfigurationIsVisible = 0;
			defaultConfigurationName = Release;
		};
		2A30C24D2501F35900BEAC9E /* Build configuration list for PBXNativeTarget "20200904ConstraintTraining" */ = {
			isa = XCConfigurationList;
			buildConfigurations = (
				2A30C24E2501F35900BEAC9E /* Debug */,
				2A30C24F2501F35900BEAC9E /* Release */,
			);
			defaultConfigurationIsVisible = 0;
			defaultConfigurationName = Release;
		};
/* End XCConfigurationList section */

/* Begin XCVersionGroup section */
		2A30C2422501F35400BEAC9E /* _0200904ConstraintTraining.xcdatamodeld */ = {
			isa = XCVersionGroup;
			children = (
				2A30C2432501F35400BEAC9E /* _0200904ConstraintTraining.xcdatamodel */,
			);
			currentVersion = 2A30C2432501F35400BEAC9E /* _0200904ConstraintTraining.xcdatamodel */;
			path = _0200904ConstraintTraining.xcdatamodeld;
			sourceTree = "<group>";
			versionGroupType = wrapper.xcdatamodel;
		};
/* End XCVersionGroup section */
	};
	rootObject = 2A30C22E2501F35400BEAC9E /* Project object */;
}
