// !$*UTF8*$!
{
	archiveVersion = 1;
	classes = {
	};
	objectVersion = 51;
	objects = {

/* Begin PBXBuildFile section */
		2A133677251865930096F4E7 /* MultipleChoiceQuestionViewController_RxSwift.swift in Sources */ = {isa = PBXBuildFile; fileRef = 2A133676251865930096F4E7 /* MultipleChoiceQuestionViewController_RxSwift.swift */; };
		2A13367C251880610096F4E7 /* TableCell.swift in Sources */ = {isa = PBXBuildFile; fileRef = 2A13367B251880610096F4E7 /* TableCell.swift */; };
		2A13367F2518810A0096F4E7 /* UIView+.swift in Sources */ = {isa = PBXBuildFile; fileRef = 2A13367E2518810A0096F4E7 /* UIView+.swift */; };
		2A1336852518990D0096F4E7 /* CollectionCell.swift in Sources */ = {isa = PBXBuildFile; fileRef = 2A1336842518990D0096F4E7 /* CollectionCell.swift */; };
		2A1336882518A35E0096F4E7 /* MainRepository.swift in Sources */ = {isa = PBXBuildFile; fileRef = 2A1336872518A35E0096F4E7 /* MainRepository.swift */; };
		2A13368E251B3D570096F4E7 /* Binds.swift in Sources */ = {isa = PBXBuildFile; fileRef = 2A13368D251B3D570096F4E7 /* Binds.swift */; };
		2A1336A7251B64E60096F4E7 /* ImagePicker.swift in Sources */ = {isa = PBXBuildFile; fileRef = 2A1336A6251B64E60096F4E7 /* ImagePicker.swift */; };
		2A1336BA251C785C0096F4E7 /* Methods.swift in Sources */ = {isa = PBXBuildFile; fileRef = 2A1336B9251C785C0096F4E7 /* Methods.swift */; };
		2A30C23A2501F35400BEAC9E /* AppDelegate.swift in Sources */ = {isa = PBXBuildFile; fileRef = 2A30C2392501F35400BEAC9E /* AppDelegate.swift */; };
		2A30C23C2501F35400BEAC9E /* SceneDelegate.swift in Sources */ = {isa = PBXBuildFile; fileRef = 2A30C23B2501F35400BEAC9E /* SceneDelegate.swift */; };
		2A30C23E2501F35400BEAC9E /* MainViewController.swift in Sources */ = {isa = PBXBuildFile; fileRef = 2A30C23D2501F35400BEAC9E /* MainViewController.swift */; };
		2A30C2412501F35400BEAC9E /* Main.storyboard in Resources */ = {isa = PBXBuildFile; fileRef = 2A30C23F2501F35400BEAC9E /* Main.storyboard */; };
		2A30C2442501F35400BEAC9E /* _0200904ConstraintTraining.xcdatamodeld in Sources */ = {isa = PBXBuildFile; fileRef = 2A30C2422501F35400BEAC9E /* _0200904ConstraintTraining.xcdatamodeld */; };
		2A30C2462501F35900BEAC9E /* Assets.xcassets in Resources */ = {isa = PBXBuildFile; fileRef = 2A30C2452501F35900BEAC9E /* Assets.xcassets */; };
		2A30C2492501F35900BEAC9E /* LaunchScreen.storyboard in Resources */ = {isa = PBXBuildFile; fileRef = 2A30C2472501F35900BEAC9E /* LaunchScreen.storyboard */; };
		2A30C2512501F7A500BEAC9E /* QuestionTabBarController_StoryBoard.swift in Sources */ = {isa = PBXBuildFile; fileRef = 2A30C2502501F7A500BEAC9E /* QuestionTabBarController_StoryBoard.swift */; };
		2A30C2542501FAE000BEAC9E /* MultipleChoiceQuestionViewController_StoryBoard.swift in Sources */ = {isa = PBXBuildFile; fileRef = 2A30C2532501FAE000BEAC9E /* MultipleChoiceQuestionViewController_StoryBoard.swift */; };
		2A30C25625021B4F00BEAC9E /* CollectionViewCell.swift in Sources */ = {isa = PBXBuildFile; fileRef = 2A30C25525021B4F00BEAC9E /* CollectionViewCell.swift */; };
		2A30C2582502201400BEAC9E /* TableViewCell.swift in Sources */ = {isa = PBXBuildFile; fileRef = 2A30C2572502201400BEAC9E /* TableViewCell.swift */; };
		2A30C25D25022ED200BEAC9E /* MultipleChoiceQuestionViewController_Anchor.swift in Sources */ = {isa = PBXBuildFile; fileRef = 2A30C25C25022ED200BEAC9E /* MultipleChoiceQuestionViewController_Anchor.swift */; };
		2A9403B6250707EE00D539FC /* QuestionTabBarController.swift in Sources */ = {isa = PBXBuildFile; fileRef = 2A9403B5250707EE00D539FC /* QuestionTabBarController.swift */; };
		2A9403B825070C8F00D539FC /* MultipleChoiceQuestionViewController_NSLayoutConstraint.swift in Sources */ = {isa = PBXBuildFile; fileRef = 2A9403B725070C8F00D539FC /* MultipleChoiceQuestionViewController_NSLayoutConstraint.swift */; };
		2A9403BA250726EE00D539FC /* MutipleChoiceQuestionViewController_VisualFormat.swift in Sources */ = {isa = PBXBuildFile; fileRef = 2A9403B9250726EE00D539FC /* MutipleChoiceQuestionViewController_VisualFormat.swift */; };
		2A9403BC2507641000D539FC /* MultipleChoiceQuestionViewController_NSLayout_VisualFormat.swift in Sources */ = {isa = PBXBuildFile; fileRef = 2A9403BB2507641000D539FC /* MultipleChoiceQuestionViewController_NSLayout_VisualFormat.swift */; };
		2A9403BE2507665800D539FC /* Storyboard.storyboard in Resources */ = {isa = PBXBuildFile; fileRef = 2A9403BD2507665800D539FC /* Storyboard.storyboard */; };
		2ABC8F84250A23ED008B39C2 /* MutipleChoiceQuestionViewController_SnapKit.swift in Sources */ = {isa = PBXBuildFile; fileRef = 2ABC8F83250A23ED008B39C2 /* MutipleChoiceQuestionViewController_SnapKit.swift */; };
		2ACEE795252BF1E200D7A809 /* Screen.swift in Sources */ = {isa = PBXBuildFile; fileRef = 2ACEE794252BF1E200D7A809 /* Screen.swift */; };
		2ACEE79A252BF38C00D7A809 /* MainViewModel.swift in Sources */ = {isa = PBXBuildFile; fileRef = 2ACEE799252BF38C00D7A809 /* MainViewModel.swift */; };
		2ACEE79E252BF39600D7A809 /* MainView.swift in Sources */ = {isa = PBXBuildFile; fileRef = 2ACEE79D252BF39600D7A809 /* MainView.swift */; };
		2ACEE7A1252BF3A100D7A809 /* MainCell.swift in Sources */ = {isa = PBXBuildFile; fileRef = 2ACEE7A0252BF3A100D7A809 /* MainCell.swift */; };
		2ACEE7A4252BF45F00D7A809 /* ViewModel.swift in Sources */ = {isa = PBXBuildFile; fileRef = 2ACEE7A3252BF45F00D7A809 /* ViewModel.swift */; };
		2ACEE7A7252BF9CD00D7A809 /* ViewBased.swift in Sources */ = {isa = PBXBuildFile; fileRef = 2ACEE7A6252BF9CD00D7A809 /* ViewBased.swift */; };
		2ACEE7AE252C029700D7A809 /* ViewModelType.swift in Sources */ = {isa = PBXBuildFile; fileRef = 2ACEE7AD252C029700D7A809 /* ViewModelType.swift */; };
		2ACEE7B3252C031B00D7A809 /* AppStep.swift in Sources */ = {isa = PBXBuildFile; fileRef = 2ACEE7B2252C031B00D7A809 /* AppStep.swift */; };
		2ACEE7B6252C050000D7A809 /* UIKitPreView+.swift in Sources */ = {isa = PBXBuildFile; fileRef = 2ACEE7B5252C050000D7A809 /* UIKitPreView+.swift */; };
		2ACEE7BB252C055700D7A809 /* CustomRefreshControl.swift in Sources */ = {isa = PBXBuildFile; fileRef = 2ACEE7BA252C055700D7A809 /* CustomRefreshControl.swift */; };
		2ACEE7C2252C0B6E00D7A809 /* AppCoordinator.swift in Sources */ = {isa = PBXBuildFile; fileRef = 2ACEE7C1252C0B6E00D7A809 /* AppCoordinator.swift */; };
		2ACEE7C8252C0BC200D7A809 /* AppStepper.swift in Sources */ = {isa = PBXBuildFile; fileRef = 2ACEE7C7252C0BC200D7A809 /* AppStepper.swift */; };
		2ACEE7CC252C0BE500D7A809 /* InitFlow.swift in Sources */ = {isa = PBXBuildFile; fileRef = 2ACEE7CB252C0BE500D7A809 /* InitFlow.swift */; };
		2ACEE7D0252C0D5900D7A809 /* FlowSugar.swift in Sources */ = {isa = PBXBuildFile; fileRef = 2ACEE7CF252C0D5900D7A809 /* FlowSugar.swift */; };
		2ACEE7D3252C0D8200D7A809 /* NavigationController.swift in Sources */ = {isa = PBXBuildFile; fileRef = 2ACEE7D2252C0D8200D7A809 /* NavigationController.swift */; };
		2ACEE7D6252C0EFF00D7A809 /* Log.swift in Sources */ = {isa = PBXBuildFile; fileRef = 2ACEE7D5252C0EFF00D7A809 /* Log.swift */; };
		2ACEE7DB252C273100D7A809 /* DeviceOrientationHelper.swift in Sources */ = {isa = PBXBuildFile; fileRef = 2ACEE7DA252C273100D7A809 /* DeviceOrientationHelper.swift */; };
		2ACEE7DE252C3CF400D7A809 /* MVVMViewModel.swift in Sources */ = {isa = PBXBuildFile; fileRef = 2ACEE7DD252C3CF400D7A809 /* MVVMViewModel.swift */; };
		2ACEE7E2252C3DA200D7A809 /* MVVMViewController.swift in Sources */ = {isa = PBXBuildFile; fileRef = 2ACEE7E1252C3DA200D7A809 /* MVVMViewController.swift */; };
		2ACEE7E6252C3DB100D7A809 /* MVVMView.swift in Sources */ = {isa = PBXBuildFile; fileRef = 2ACEE7E5252C3DB100D7A809 /* MVVMView.swift */; };
		2ACEE7E9252C3E5600D7A809 /* MVVMCell.swift in Sources */ = {isa = PBXBuildFile; fileRef = 2ACEE7E8252C3E5600D7A809 /* MVVMCell.swift */; };
		2ACEE7ED252C5AAA00D7A809 /* QTBViewModel.swift in Sources */ = {isa = PBXBuildFile; fileRef = 2ACEE7EC252C5AAA00D7A809 /* QTBViewModel.swift */; };
		563FBE9C5D112805F6861D8F /* Pods_20200904ConstraintTraining.framework in Frameworks */ = {isa = PBXBuildFile; fileRef = 6806C2BFE74618EACC09B285 /* Pods_20200904ConstraintTraining.framework */; };
/* End PBXBuildFile section */

/* Begin PBXFileReference section */
		2A133676251865930096F4E7 /* MultipleChoiceQuestionViewController_RxSwift.swift */ = {isa = PBXFileReference; lastKnownFileType = sourcecode.swift; path = MultipleChoiceQuestionViewController_RxSwift.swift; sourceTree = "<group>"; };
		2A13367B251880610096F4E7 /* TableCell.swift */ = {isa = PBXFileReference; lastKnownFileType = sourcecode.swift; path = TableCell.swift; sourceTree = "<group>"; };
		2A13367E2518810A0096F4E7 /* UIView+.swift */ = {isa = PBXFileReference; lastKnownFileType = sourcecode.swift; path = "UIView+.swift"; sourceTree = "<group>"; };
		2A1336842518990D0096F4E7 /* CollectionCell.swift */ = {isa = PBXFileReference; lastKnownFileType = sourcecode.swift; path = CollectionCell.swift; sourceTree = "<group>"; };
		2A1336872518A35E0096F4E7 /* MainRepository.swift */ = {isa = PBXFileReference; lastKnownFileType = sourcecode.swift; path = MainRepository.swift; sourceTree = "<group>"; };
		2A13368D251B3D570096F4E7 /* Binds.swift */ = {isa = PBXFileReference; lastKnownFileType = sourcecode.swift; path = Binds.swift; sourceTree = "<group>"; };
		2A1336A6251B64E60096F4E7 /* ImagePicker.swift */ = {isa = PBXFileReference; lastKnownFileType = sourcecode.swift; path = ImagePicker.swift; sourceTree = "<group>"; };
		2A1336B9251C785C0096F4E7 /* Methods.swift */ = {isa = PBXFileReference; lastKnownFileType = sourcecode.swift; path = Methods.swift; sourceTree = "<group>"; };
		2A30C2362501F35400BEAC9E /* 20200904ConstraintTraining.app */ = {isa = PBXFileReference; explicitFileType = wrapper.application; includeInIndex = 0; path = 20200904ConstraintTraining.app; sourceTree = BUILT_PRODUCTS_DIR; };
		2A30C2392501F35400BEAC9E /* AppDelegate.swift */ = {isa = PBXFileReference; lastKnownFileType = sourcecode.swift; path = AppDelegate.swift; sourceTree = "<group>"; };
		2A30C23B2501F35400BEAC9E /* SceneDelegate.swift */ = {isa = PBXFileReference; lastKnownFileType = sourcecode.swift; path = SceneDelegate.swift; sourceTree = "<group>"; };
		2A30C23D2501F35400BEAC9E /* MainViewController.swift */ = {isa = PBXFileReference; lastKnownFileType = sourcecode.swift; path = MainViewController.swift; sourceTree = "<group>"; };
		2A30C2402501F35400BEAC9E /* Base */ = {isa = PBXFileReference; lastKnownFileType = file.storyboard; name = Base; path = Base.lproj/Main.storyboard; sourceTree = "<group>"; };
		2A30C2432501F35400BEAC9E /* _0200904ConstraintTraining.xcdatamodel */ = {isa = PBXFileReference; lastKnownFileType = wrapper.xcdatamodel; path = _0200904ConstraintTraining.xcdatamodel; sourceTree = "<group>"; };
		2A30C2452501F35900BEAC9E /* Assets.xcassets */ = {isa = PBXFileReference; lastKnownFileType = folder.assetcatalog; path = Assets.xcassets; sourceTree = "<group>"; };
		2A30C2482501F35900BEAC9E /* Base */ = {isa = PBXFileReference; lastKnownFileType = file.storyboard; name = Base; path = Base.lproj/LaunchScreen.storyboard; sourceTree = "<group>"; };
		2A30C24A2501F35900BEAC9E /* Info.plist */ = {isa = PBXFileReference; lastKnownFileType = text.plist.xml; path = Info.plist; sourceTree = "<group>"; };
		2A30C2502501F7A500BEAC9E /* QuestionTabBarController_StoryBoard.swift */ = {isa = PBXFileReference; lastKnownFileType = sourcecode.swift; path = QuestionTabBarController_StoryBoard.swift; sourceTree = "<group>"; };
		2A30C2532501FAE000BEAC9E /* MultipleChoiceQuestionViewController_StoryBoard.swift */ = {isa = PBXFileReference; lastKnownFileType = sourcecode.swift; path = MultipleChoiceQuestionViewController_StoryBoard.swift; sourceTree = "<group>"; };
		2A30C25525021B4F00BEAC9E /* CollectionViewCell.swift */ = {isa = PBXFileReference; lastKnownFileType = sourcecode.swift; path = CollectionViewCell.swift; sourceTree = "<group>"; };
		2A30C2572502201400BEAC9E /* TableViewCell.swift */ = {isa = PBXFileReference; lastKnownFileType = sourcecode.swift; path = TableViewCell.swift; sourceTree = "<group>"; };
		2A30C25C25022ED200BEAC9E /* MultipleChoiceQuestionViewController_Anchor.swift */ = {isa = PBXFileReference; lastKnownFileType = sourcecode.swift; path = MultipleChoiceQuestionViewController_Anchor.swift; sourceTree = "<group>"; };
		2A9403B5250707EE00D539FC /* QuestionTabBarController.swift */ = {isa = PBXFileReference; lastKnownFileType = sourcecode.swift; path = QuestionTabBarController.swift; sourceTree = "<group>"; };
		2A9403B725070C8F00D539FC /* MultipleChoiceQuestionViewController_NSLayoutConstraint.swift */ = {isa = PBXFileReference; lastKnownFileType = sourcecode.swift; path = MultipleChoiceQuestionViewController_NSLayoutConstraint.swift; sourceTree = "<group>"; };
		2A9403B9250726EE00D539FC /* MutipleChoiceQuestionViewController_VisualFormat.swift */ = {isa = PBXFileReference; lastKnownFileType = sourcecode.swift; path = MutipleChoiceQuestionViewController_VisualFormat.swift; sourceTree = "<group>"; };
		2A9403BB2507641000D539FC /* MultipleChoiceQuestionViewController_NSLayout_VisualFormat.swift */ = {isa = PBXFileReference; lastKnownFileType = sourcecode.swift; path = MultipleChoiceQuestionViewController_NSLayout_VisualFormat.swift; sourceTree = "<group>"; };
		2A9403BD2507665800D539FC /* Storyboard.storyboard */ = {isa = PBXFileReference; lastKnownFileType = file.storyboard; path = Storyboard.storyboard; sourceTree = "<group>"; };
		2ABC8F83250A23ED008B39C2 /* MutipleChoiceQuestionViewController_SnapKit.swift */ = {isa = PBXFileReference; lastKnownFileType = sourcecode.swift; path = MutipleChoiceQuestionViewController_SnapKit.swift; sourceTree = "<group>"; };
		2ACEE794252BF1E200D7A809 /* Screen.swift */ = {isa = PBXFileReference; lastKnownFileType = sourcecode.swift; path = Screen.swift; sourceTree = "<group>"; };
		2ACEE799252BF38C00D7A809 /* MainViewModel.swift */ = {isa = PBXFileReference; lastKnownFileType = sourcecode.swift; path = MainViewModel.swift; sourceTree = "<group>"; };
		2ACEE79D252BF39600D7A809 /* MainView.swift */ = {isa = PBXFileReference; lastKnownFileType = sourcecode.swift; path = MainView.swift; sourceTree = "<group>"; };
		2ACEE7A0252BF3A100D7A809 /* MainCell.swift */ = {isa = PBXFileReference; lastKnownFileType = sourcecode.swift; path = MainCell.swift; sourceTree = "<group>"; };
		2ACEE7A3252BF45F00D7A809 /* ViewModel.swift */ = {isa = PBXFileReference; lastKnownFileType = sourcecode.swift; path = ViewModel.swift; sourceTree = "<group>"; };
		2ACEE7A6252BF9CD00D7A809 /* ViewBased.swift */ = {isa = PBXFileReference; lastKnownFileType = sourcecode.swift; path = ViewBased.swift; sourceTree = "<group>"; };
		2ACEE7AD252C029700D7A809 /* ViewModelType.swift */ = {isa = PBXFileReference; lastKnownFileType = sourcecode.swift; path = ViewModelType.swift; sourceTree = "<group>"; };
		2ACEE7B2252C031B00D7A809 /* AppStep.swift */ = {isa = PBXFileReference; lastKnownFileType = sourcecode.swift; path = AppStep.swift; sourceTree = "<group>"; };
		2ACEE7B5252C050000D7A809 /* UIKitPreView+.swift */ = {isa = PBXFileReference; lastKnownFileType = sourcecode.swift; path = "UIKitPreView+.swift"; sourceTree = "<group>"; };
		2ACEE7BA252C055700D7A809 /* CustomRefreshControl.swift */ = {isa = PBXFileReference; lastKnownFileType = sourcecode.swift; path = CustomRefreshControl.swift; sourceTree = "<group>"; };
		2ACEE7C1252C0B6E00D7A809 /* AppCoordinator.swift */ = {isa = PBXFileReference; lastKnownFileType = sourcecode.swift; path = AppCoordinator.swift; sourceTree = "<group>"; };
		2ACEE7C7252C0BC200D7A809 /* AppStepper.swift */ = {isa = PBXFileReference; lastKnownFileType = sourcecode.swift; path = AppStepper.swift; sourceTree = "<group>"; };
		2ACEE7CB252C0BE500D7A809 /* InitFlow.swift */ = {isa = PBXFileReference; lastKnownFileType = sourcecode.swift; path = InitFlow.swift; sourceTree = "<group>"; };
		2ACEE7CF252C0D5900D7A809 /* FlowSugar.swift */ = {isa = PBXFileReference; lastKnownFileType = sourcecode.swift; path = FlowSugar.swift; sourceTree = "<group>"; };
		2ACEE7D2252C0D8200D7A809 /* NavigationController.swift */ = {isa = PBXFileReference; lastKnownFileType = sourcecode.swift; path = NavigationController.swift; sourceTree = "<group>"; };
		2ACEE7D5252C0EFF00D7A809 /* Log.swift */ = {isa = PBXFileReference; lastKnownFileType = sourcecode.swift; path = Log.swift; sourceTree = "<group>"; };
		2ACEE7DA252C273100D7A809 /* DeviceOrientationHelper.swift */ = {isa = PBXFileReference; lastKnownFileType = sourcecode.swift; path = DeviceOrientationHelper.swift; sourceTree = "<group>"; };
		2ACEE7DD252C3CF400D7A809 /* MVVMViewModel.swift */ = {isa = PBXFileReference; lastKnownFileType = sourcecode.swift; path = MVVMViewModel.swift; sourceTree = "<group>"; };
		2ACEE7E1252C3DA200D7A809 /* MVVMViewController.swift */ = {isa = PBXFileReference; lastKnownFileType = sourcecode.swift; path = MVVMViewController.swift; sourceTree = "<group>"; };
		2ACEE7E5252C3DB100D7A809 /* MVVMView.swift */ = {isa = PBXFileReference; lastKnownFileType = sourcecode.swift; path = MVVMView.swift; sourceTree = "<group>"; };
		2ACEE7E8252C3E5600D7A809 /* MVVMCell.swift */ = {isa = PBXFileReference; lastKnownFileType = sourcecode.swift; path = MVVMCell.swift; sourceTree = "<group>"; };
		2ACEE7EC252C5AAA00D7A809 /* QTBViewModel.swift */ = {isa = PBXFileReference; lastKnownFileType = sourcecode.swift; path = QTBViewModel.swift; sourceTree = "<group>"; };
		6806C2BFE74618EACC09B285 /* Pods_20200904ConstraintTraining.framework */ = {isa = PBXFileReference; explicitFileType = wrapper.framework; includeInIndex = 0; path = Pods_20200904ConstraintTraining.framework; sourceTree = BUILT_PRODUCTS_DIR; };
		8692FF9603908454DA82AF04 /* Pods-20200904ConstraintTraining.release.xcconfig */ = {isa = PBXFileReference; includeInIndex = 1; lastKnownFileType = text.xcconfig; name = "Pods-20200904ConstraintTraining.release.xcconfig"; path = "Target Support Files/Pods-20200904ConstraintTraining/Pods-20200904ConstraintTraining.release.xcconfig"; sourceTree = "<group>"; };
		D596E7EA0012D6C6F074E5AF /* Pods-20200904ConstraintTraining.debug.xcconfig */ = {isa = PBXFileReference; includeInIndex = 1; lastKnownFileType = text.xcconfig; name = "Pods-20200904ConstraintTraining.debug.xcconfig"; path = "Target Support Files/Pods-20200904ConstraintTraining/Pods-20200904ConstraintTraining.debug.xcconfig"; sourceTree = "<group>"; };
/* End PBXFileReference section */

/* Begin PBXFrameworksBuildPhase section */
		2A30C2332501F35400BEAC9E /* Frameworks */ = {
			isa = PBXFrameworksBuildPhase;
			buildActionMask = 2147483647;
			files = (
				563FBE9C5D112805F6861D8F /* Pods_20200904ConstraintTraining.framework in Frameworks */,
			);
			runOnlyForDeploymentPostprocessing = 0;
		};
/* End PBXFrameworksBuildPhase section */

/* Begin PBXGroup section */
		2A0EBF32251490E6002C9E01 /* 7_RxSwift */ = {
			isa = PBXGroup;
			children = (
				2A1336D2251C88240096F4E7 /* Main */,
				2A1336B0251C671F0096F4E7 /* DelegateToRx */,
				2A1336C7251C7A450096F4E7 /* Cells */,
				2A1336C8251C7A550096F4E7 /* DataRepository */,
			);
			path = 7_RxSwift;
			sourceTree = "<group>";
		};
		2A133681251881130096F4E7 /* Extention */ = {
			isa = PBXGroup;
			children = (
				2ACEE7B9252C054100D7A809 /* PullToRequestControl */,
				2A13367E2518810A0096F4E7 /* UIView+.swift */,
				2ACEE7A3252BF45F00D7A809 /* ViewModel.swift */,
				2ACEE7A6252BF9CD00D7A809 /* ViewBased.swift */,
				2ACEE7CF252C0D5900D7A809 /* FlowSugar.swift */,
				2ACEE7B5252C050000D7A809 /* UIKitPreView+.swift */,
				2ACEE7AD252C029700D7A809 /* ViewModelType.swift */,
				2ACEE7D2252C0D8200D7A809 /* NavigationController.swift */,
				2ACEE7D5252C0EFF00D7A809 /* Log.swift */,
				2ACEE7DA252C273100D7A809 /* DeviceOrientationHelper.swift */,
			);
			path = Extention;
			sourceTree = "<group>";
		};
		2A1336B0251C671F0096F4E7 /* DelegateToRx */ = {
			isa = PBXGroup;
			children = (
				2A1336A6251B64E60096F4E7 /* ImagePicker.swift */,
			);
			path = DelegateToRx;
			sourceTree = "<group>";
		};
		2A1336C7251C7A450096F4E7 /* Cells */ = {
			isa = PBXGroup;
			children = (
				2A13367B251880610096F4E7 /* TableCell.swift */,
				2A1336842518990D0096F4E7 /* CollectionCell.swift */,
			);
			path = Cells;
			sourceTree = "<group>";
		};
		2A1336C8251C7A550096F4E7 /* DataRepository */ = {
			isa = PBXGroup;
			children = (
				2A1336872518A35E0096F4E7 /* MainRepository.swift */,
			);
			path = DataRepository;
			sourceTree = "<group>";
		};
		2A1336D2251C88240096F4E7 /* Main */ = {
			isa = PBXGroup;
			children = (
				2A133676251865930096F4E7 /* MultipleChoiceQuestionViewController_RxSwift.swift */,
				2A1336B9251C785C0096F4E7 /* Methods.swift */,
				2A13368D251B3D570096F4E7 /* Binds.swift */,
			);
			path = Main;
			sourceTree = "<group>";
		};
		2A30C22D2501F35400BEAC9E = {
			isa = PBXGroup;
			children = (
				2A30C2382501F35400BEAC9E /* 20200904ConstraintTraining */,
				4AFFE95EABB98FBC90CE57F4 /* Pods */,
				6A4A1ED7772AEB55F53C5EFD /* Frameworks */,
			);
			sourceTree = "<group>";
		};
		2A30C2372501F35400BEAC9E /* Products */ = {
			isa = PBXGroup;
			children = (
				2A30C2362501F35400BEAC9E /* 20200904ConstraintTraining.app */,
			);
			name = Products;
			path = ..;
			sourceTree = "<group>";
		};
		2A30C2382501F35400BEAC9E /* 20200904ConstraintTraining */ = {
			isa = PBXGroup;
			children = (
				2A30C2392501F35400BEAC9E /* AppDelegate.swift */,
				2ACEE7B1252C030B00D7A809 /* Coordinator */,
				2A133681251881130096F4E7 /* Extention */,
				2A30C23B2501F35400BEAC9E /* SceneDelegate.swift */,
				2A30C2452501F35900BEAC9E /* Assets.xcassets */,
				2A30C2472501F35900BEAC9E /* LaunchScreen.storyboard */,
				2A30C24A2501F35900BEAC9E /* Info.plist */,
				2A30C2422501F35400BEAC9E /* _0200904ConstraintTraining.xcdatamodeld */,
				2A30C23F2501F35400BEAC9E /* Main.storyboard */,
				2ACEE798252BF37800D7A809 /* Main */,
				2A9403B5250707EE00D539FC /* QuestionTabBarController.swift */,
				2ACEE7EC252C5AAA00D7A809 /* QTBViewModel.swift */,
				2ACEE794252BF1E200D7A809 /* Screen.swift */,
				2A30C2522501FA9000BEAC9E /* 1_StoryBoard */,
				2A9403AF250629F200D539FC /* 2_NSLayoutConstraint */,
				2A9403B025062A1100D539FC /* 3_VisualFormatLanguege */,
				2A9403B125062A2E00D539FC /* 4_NSLayout+VisualFormat */,
				2A30C2592502286D00BEAC9E /* 5_Anchor */,
				2A9403B225062A6200D539FC /* 6_SnapKit */,
				2A0EBF32251490E6002C9E01 /* 7_RxSwift */,
				2ACEE7E0252C3D0900D7A809 /* 8_MVVM */,
				2A30C2372501F35400BEAC9E /* Products */,
			);
			path = 20200904ConstraintTraining;
			sourceTree = "<group>";
		};
		2A30C2522501FA9000BEAC9E /* 1_StoryBoard */ = {
			isa = PBXGroup;
			children = (
				2A30C2502501F7A500BEAC9E /* QuestionTabBarController_StoryBoard.swift */,
				2A30C2532501FAE000BEAC9E /* MultipleChoiceQuestionViewController_StoryBoard.swift */,
				2A30C25525021B4F00BEAC9E /* CollectionViewCell.swift */,
				2A30C2572502201400BEAC9E /* TableViewCell.swift */,
				2A9403BD2507665800D539FC /* Storyboard.storyboard */,
			);
			path = 1_StoryBoard;
			sourceTree = "<group>";
		};
		2A30C2592502286D00BEAC9E /* 5_Anchor */ = {
			isa = PBXGroup;
			children = (
				2A30C25C25022ED200BEAC9E /* MultipleChoiceQuestionViewController_Anchor.swift */,
			);
			path = 5_Anchor;
			sourceTree = "<group>";
		};
		2A9403AF250629F200D539FC /* 2_NSLayoutConstraint */ = {
			isa = PBXGroup;
			children = (
				2A9403B725070C8F00D539FC /* MultipleChoiceQuestionViewController_NSLayoutConstraint.swift */,
			);
			path = 2_NSLayoutConstraint;
			sourceTree = "<group>";
		};
		2A9403B025062A1100D539FC /* 3_VisualFormatLanguege */ = {
			isa = PBXGroup;
			children = (
				2A9403B9250726EE00D539FC /* MutipleChoiceQuestionViewController_VisualFormat.swift */,
			);
			path = 3_VisualFormatLanguege;
			sourceTree = "<group>";
		};
		2A9403B125062A2E00D539FC /* 4_NSLayout+VisualFormat */ = {
			isa = PBXGroup;
			children = (
				2A9403BB2507641000D539FC /* MultipleChoiceQuestionViewController_NSLayout_VisualFormat.swift */,
			);
			path = "4_NSLayout+VisualFormat";
			sourceTree = "<group>";
		};
		2A9403B225062A6200D539FC /* 6_SnapKit */ = {
			isa = PBXGroup;
			children = (
				2ABC8F83250A23ED008B39C2 /* MutipleChoiceQuestionViewController_SnapKit.swift */,
			);
			path = 6_SnapKit;
			sourceTree = "<group>";
		};
		2ACEE798252BF37800D7A809 /* Main */ = {
			isa = PBXGroup;
			children = (
				2A30C23D2501F35400BEAC9E /* MainViewController.swift */,
				2ACEE799252BF38C00D7A809 /* MainViewModel.swift */,
				2ACEE79D252BF39600D7A809 /* MainView.swift */,
				2ACEE7A0252BF3A100D7A809 /* MainCell.swift */,
			);
			path = Main;
			sourceTree = "<group>";
		};
		2ACEE7B1252C030B00D7A809 /* Coordinator */ = {
			isa = PBXGroup;
			children = (
				2ACEE7C1252C0B6E00D7A809 /* AppCoordinator.swift */,
				2ACEE7BE252C0B5200D7A809 /* Step */,
				2ACEE7BF252C0B5600D7A809 /* Stepper */,
				2ACEE7C0252C0B5E00D7A809 /* Flow */,
			);
			path = Coordinator;
			sourceTree = "<group>";
		};
		2ACEE7B9252C054100D7A809 /* PullToRequestControl */ = {
			isa = PBXGroup;
			children = (
				2ACEE7BA252C055700D7A809 /* CustomRefreshControl.swift */,
			);
			path = PullToRequestControl;
			sourceTree = "<group>";
		};
		2ACEE7BE252C0B5200D7A809 /* Step */ = {
			isa = PBXGroup;
			children = (
				2ACEE7B2252C031B00D7A809 /* AppStep.swift */,
			);
			path = Step;
			sourceTree = "<group>";
		};
		2ACEE7BF252C0B5600D7A809 /* Stepper */ = {
			isa = PBXGroup;
			children = (
				2ACEE7C7252C0BC200D7A809 /* AppStepper.swift */,
			);
			path = Stepper;
			sourceTree = "<group>";
		};
		2ACEE7C0252C0B5E00D7A809 /* Flow */ = {
			isa = PBXGroup;
			children = (
				2ACEE7CB252C0BE500D7A809 /* InitFlow.swift */,
			);
			path = Flow;
			sourceTree = "<group>";
		};
		2ACEE7E0252C3D0900D7A809 /* 8_MVVM */ = {
			isa = PBXGroup;
			children = (
				2ACEE7E5252C3DB100D7A809 /* MVVMView.swift */,
				2ACEE7E1252C3DA200D7A809 /* MVVMViewController.swift */,
				2ACEE7DD252C3CF400D7A809 /* MVVMViewModel.swift */,
				2ACEE7E8252C3E5600D7A809 /* MVVMCell.swift */,
			);
			path = 8_MVVM;
			sourceTree = "<group>";
		};
		4AFFE95EABB98FBC90CE57F4 /* Pods */ = {
			isa = PBXGroup;
			children = (
				D596E7EA0012D6C6F074E5AF /* Pods-20200904ConstraintTraining.debug.xcconfig */,
				8692FF9603908454DA82AF04 /* Pods-20200904ConstraintTraining.release.xcconfig */,
			);
			path = Pods;
			sourceTree = "<group>";
		};
		6A4A1ED7772AEB55F53C5EFD /* Frameworks */ = {
			isa = PBXGroup;
			children = (
				6806C2BFE74618EACC09B285 /* Pods_20200904ConstraintTraining.framework */,
			);
			name = Frameworks;
			sourceTree = "<group>";
		};
/* End PBXGroup section */

/* Begin PBXNativeTarget section */
		2A30C2352501F35400BEAC9E /* 20200904ConstraintTraining */ = {
			isa = PBXNativeTarget;
			buildConfigurationList = 2A30C24D2501F35900BEAC9E /* Build configuration list for PBXNativeTarget "20200904ConstraintTraining" */;
			buildPhases = (
				AE9DA17DDB3C2DCFDBEC2699 /* [CP] Check Pods Manifest.lock */,
				2A30C2322501F35400BEAC9E /* Sources */,
				2A30C2332501F35400BEAC9E /* Frameworks */,
				2A30C2342501F35400BEAC9E /* Resources */,
				F42BA3BE612FC17D1BE8F83B /* [CP] Embed Pods Frameworks */,
			);
			buildRules = (
			);
			dependencies = (
			);
			name = 20200904ConstraintTraining;
			productName = 20200904ConstraintTraining;
			productReference = 2A30C2362501F35400BEAC9E /* 20200904ConstraintTraining.app */;
			productType = "com.apple.product-type.application";
		};
/* End PBXNativeTarget section */

/* Begin PBXProject section */
		2A30C22E2501F35400BEAC9E /* Project object */ = {
			isa = PBXProject;
			attributes = {
				LastSwiftUpdateCheck = 1150;
				LastUpgradeCheck = 1150;
				ORGANIZATIONNAME = "Park young ho";
				TargetAttributes = {
					2A30C2352501F35400BEAC9E = {
						CreatedOnToolsVersion = 11.5;
					};
				};
			};
			buildConfigurationList = 2A30C2312501F35400BEAC9E /* Build configuration list for PBXProject "20200904ConstraintTraining" */;
			compatibilityVersion = "Xcode 9.3";
			developmentRegion = en;
			hasScannedForEncodings = 0;
			knownRegions = (
				en,
				Base,
			);
			mainGroup = 2A30C22D2501F35400BEAC9E;
			productRefGroup = 2A30C2372501F35400BEAC9E /* Products */;
			projectDirPath = "";
			projectRoot = "";
			targets = (
				2A30C2352501F35400BEAC9E /* 20200904ConstraintTraining */,
			);
		};
/* End PBXProject section */

/* Begin PBXResourcesBuildPhase section */
		2A30C2342501F35400BEAC9E /* Resources */ = {
			isa = PBXResourcesBuildPhase;
			buildActionMask = 2147483647;
			files = (
				2A30C2492501F35900BEAC9E /* LaunchScreen.storyboard in Resources */,
				2A9403BE2507665800D539FC /* Storyboard.storyboard in Resources */,
				2A30C2462501F35900BEAC9E /* Assets.xcassets in Resources */,
				2A30C2412501F35400BEAC9E /* Main.storyboard in Resources */,
			);
			runOnlyForDeploymentPostprocessing = 0;
		};
/* End PBXResourcesBuildPhase section */

/* Begin PBXShellScriptBuildPhase section */
		AE9DA17DDB3C2DCFDBEC2699 /* [CP] Check Pods Manifest.lock */ = {
			isa = PBXShellScriptBuildPhase;
			buildActionMask = 2147483647;
			files = (
			);
			inputFileListPaths = (
			);
			inputPaths = (
				"${PODS_PODFILE_DIR_PATH}/Podfile.lock",
				"${PODS_ROOT}/Manifest.lock",
			);
			name = "[CP] Check Pods Manifest.lock";
			outputFileListPaths = (
			);
			outputPaths = (
				"$(DERIVED_FILE_DIR)/Pods-20200904ConstraintTraining-checkManifestLockResult.txt",
			);
			runOnlyForDeploymentPostprocessing = 0;
			shellPath = /bin/sh;
			shellScript = "diff \"${PODS_PODFILE_DIR_PATH}/Podfile.lock\" \"${PODS_ROOT}/Manifest.lock\" > /dev/null\nif [ $? != 0 ] ; then\n    # print error to STDERR\n    echo \"error: The sandbox is not in sync with the Podfile.lock. Run 'pod install' or update your CocoaPods installation.\" >&2\n    exit 1\nfi\n# This output is used by Xcode 'outputs' to avoid re-running this script phase.\necho \"SUCCESS\" > \"${SCRIPT_OUTPUT_FILE_0}\"\n";
			showEnvVarsInLog = 0;
		};
		F42BA3BE612FC17D1BE8F83B /* [CP] Embed Pods Frameworks */ = {
			isa = PBXShellScriptBuildPhase;
			buildActionMask = 2147483647;
			files = (
			);
			inputFileListPaths = (
				"${PODS_ROOT}/Target Support Files/Pods-20200904ConstraintTraining/Pods-20200904ConstraintTraining-frameworks-${CONFIGURATION}-input-files.xcfilelist",
			);
			name = "[CP] Embed Pods Frameworks";
			outputFileListPaths = (
				"${PODS_ROOT}/Target Support Files/Pods-20200904ConstraintTraining/Pods-20200904ConstraintTraining-frameworks-${CONFIGURATION}-output-files.xcfilelist",
			);
			runOnlyForDeploymentPostprocessing = 0;
			shellPath = /bin/sh;
			shellScript = "\"${PODS_ROOT}/Target Support Files/Pods-20200904ConstraintTraining/Pods-20200904ConstraintTraining-frameworks.sh\"\n";
			showEnvVarsInLog = 0;
		};
/* End PBXShellScriptBuildPhase section */

/* Begin PBXSourcesBuildPhase section */
		2A30C2322501F35400BEAC9E /* Sources */ = {
			isa = PBXSourcesBuildPhase;
			buildActionMask = 2147483647;
			files = (
				2ACEE7BB252C055700D7A809 /* CustomRefreshControl.swift in Sources */,
				2ACEE7E9252C3E5600D7A809 /* MVVMCell.swift in Sources */,
				2A30C23E2501F35400BEAC9E /* MainViewController.swift in Sources */,
				2A13367C251880610096F4E7 /* TableCell.swift in Sources */,
				2A30C25D25022ED200BEAC9E /* MultipleChoiceQuestionViewController_Anchor.swift in Sources */,
				2A30C2582502201400BEAC9E /* TableViewCell.swift in Sources */,
				2A30C23A2501F35400BEAC9E /* AppDelegate.swift in Sources */,
				2ACEE7E6252C3DB100D7A809 /* MVVMView.swift in Sources */,
				2A9403B825070C8F00D539FC /* MultipleChoiceQuestionViewController_NSLayoutConstraint.swift in Sources */,
				2ACEE7C2252C0B6E00D7A809 /* AppCoordinator.swift in Sources */,
				2ACEE7AE252C029700D7A809 /* ViewModelType.swift in Sources */,
				2A1336A7251B64E60096F4E7 /* ImagePicker.swift in Sources */,
				2A9403BC2507641000D539FC /* MultipleChoiceQuestionViewController_NSLayout_VisualFormat.swift in Sources */,
				2ACEE7A7252BF9CD00D7A809 /* ViewBased.swift in Sources */,
				2A9403BA250726EE00D539FC /* MutipleChoiceQuestionViewController_VisualFormat.swift in Sources */,
				2ACEE795252BF1E200D7A809 /* Screen.swift in Sources */,
				2ACEE7D6252C0EFF00D7A809 /* Log.swift in Sources */,
				2ACEE7A4252BF45F00D7A809 /* ViewModel.swift in Sources */,
				2A133677251865930096F4E7 /* MultipleChoiceQuestionViewController_RxSwift.swift in Sources */,
				2ACEE7D0252C0D5900D7A809 /* FlowSugar.swift in Sources */,
				2ACEE7DB252C273100D7A809 /* DeviceOrientationHelper.swift in Sources */,
				2A30C2542501FAE000BEAC9E /* MultipleChoiceQuestionViewController_StoryBoard.swift in Sources */,
				2ACEE7C8252C0BC200D7A809 /* AppStepper.swift in Sources */,
				2A13368E251B3D570096F4E7 /* Binds.swift in Sources */,
				2ACEE7ED252C5AAA00D7A809 /* QTBViewModel.swift in Sources */,
				2ACEE79E252BF39600D7A809 /* MainView.swift in Sources */,
				2A1336882518A35E0096F4E7 /* MainRepository.swift in Sources */,
				2A30C25625021B4F00BEAC9E /* CollectionViewCell.swift in Sources */,
				2A1336852518990D0096F4E7 /* CollectionCell.swift in Sources */,
				2ACEE7D3252C0D8200D7A809 /* NavigationController.swift in Sources */,
				2A30C2442501F35400BEAC9E /* _0200904ConstraintTraining.xcdatamodeld in Sources */,
				2ACEE7A1252BF3A100D7A809 /* MainCell.swift in Sources */,
				2A30C23C2501F35400BEAC9E /* SceneDelegate.swift in Sources */,
				2ACEE7B6252C050000D7A809 /* UIKitPreView+.swift in Sources */,
				2ACEE7DE252C3CF400D7A809 /* MVVMViewModel.swift in Sources */,
				2ABC8F84250A23ED008B39C2 /* MutipleChoiceQuestionViewController_SnapKit.swift in Sources */,
				2A13367F2518810A0096F4E7 /* UIView+.swift in Sources */,
				2ACEE7B3252C031B00D7A809 /* AppStep.swift in Sources */,
				2A1336BA251C785C0096F4E7 /* Methods.swift in Sources */,
				2A9403B6250707EE00D539FC /* QuestionTabBarController.swift in Sources */,
				2A30C2512501F7A500BEAC9E /* QuestionTabBarController_StoryBoard.swift in Sources */,
				2ACEE79A252BF38C00D7A809 /* MainViewModel.swift in Sources */,
				2ACEE7E2252C3DA200D7A809 /* MVVMViewController.swift in Sources */,
				2ACEE7CC252C0BE500D7A809 /* InitFlow.swift in Sources */,
			);
			runOnlyForDeploymentPostprocessing = 0;
		};
/* End PBXSourcesBuildPhase section */

/* Begin PBXVariantGroup section */
		2A30C23F2501F35400BEAC9E /* Main.storyboard */ = {
			isa = PBXVariantGroup;
			children = (
				2A30C2402501F35400BEAC9E /* Base */,
			);
			name = Main.storyboard;
			sourceTree = "<group>";
		};
		2A30C2472501F35900BEAC9E /* LaunchScreen.storyboard */ = {
			isa = PBXVariantGroup;
			children = (
				2A30C2482501F35900BEAC9E /* Base */,
			);
			name = LaunchScreen.storyboard;
			sourceTree = "<group>";
		};
/* End PBXVariantGroup section */

/* Begin XCBuildConfiguration section */
		2A30C24B2501F35900BEAC9E /* Debug */ = {
			isa = XCBuildConfiguration;
			buildSettings = {
				ALWAYS_SEARCH_USER_PATHS = NO;
				CLANG_ANALYZER_NONNULL = YES;
				CLANG_ANALYZER_NUMBER_OBJECT_CONVERSION = YES_AGGRESSIVE;
				CLANG_CXX_LANGUAGE_STANDARD = "gnu++14";
				CLANG_CXX_LIBRARY = "libc++";
				CLANG_ENABLE_MODULES = YES;
				CLANG_ENABLE_OBJC_ARC = YES;
				CLANG_ENABLE_OBJC_WEAK = YES;
				CLANG_WARN_BLOCK_CAPTURE_AUTORELEASING = YES;
				CLANG_WARN_BOOL_CONVERSION = YES;
				CLANG_WARN_COMMA = YES;
				CLANG_WARN_CONSTANT_CONVERSION = YES;
				CLANG_WARN_DEPRECATED_OBJC_IMPLEMENTATIONS = YES;
				CLANG_WARN_DIRECT_OBJC_ISA_USAGE = YES_ERROR;
				CLANG_WARN_DOCUMENTATION_COMMENTS = YES;
				CLANG_WARN_EMPTY_BODY = YES;
				CLANG_WARN_ENUM_CONVERSION = YES;
				CLANG_WARN_INFINITE_RECURSION = YES;
				CLANG_WARN_INT_CONVERSION = YES;
				CLANG_WARN_NON_LITERAL_NULL_CONVERSION = YES;
				CLANG_WARN_OBJC_IMPLICIT_RETAIN_SELF = YES;
				CLANG_WARN_OBJC_LITERAL_CONVERSION = YES;
				CLANG_WARN_OBJC_ROOT_CLASS = YES_ERROR;
				CLANG_WARN_RANGE_LOOP_ANALYSIS = YES;
				CLANG_WARN_STRICT_PROTOTYPES = YES;
				CLANG_WARN_SUSPICIOUS_MOVE = YES;
				CLANG_WARN_UNGUARDED_AVAILABILITY = YES_AGGRESSIVE;
				CLANG_WARN_UNREACHABLE_CODE = YES;
				CLANG_WARN__DUPLICATE_METHOD_MATCH = YES;
				COPY_PHASE_STRIP = NO;
				DEBUG_INFORMATION_FORMAT = dwarf;
				ENABLE_STRICT_OBJC_MSGSEND = YES;
				ENABLE_TESTABILITY = YES;
				GCC_C_LANGUAGE_STANDARD = gnu11;
				GCC_DYNAMIC_NO_PIC = NO;
				GCC_NO_COMMON_BLOCKS = YES;
				GCC_OPTIMIZATION_LEVEL = 0;
				GCC_PREPROCESSOR_DEFINITIONS = (
					"DEBUG=1",
					"$(inherited)",
				);
				GCC_WARN_64_TO_32_BIT_CONVERSION = YES;
				GCC_WARN_ABOUT_RETURN_TYPE = YES_ERROR;
				GCC_WARN_UNDECLARED_SELECTOR = YES;
				GCC_WARN_UNINITIALIZED_AUTOS = YES_AGGRESSIVE;
				GCC_WARN_UNUSED_FUNCTION = YES;
				GCC_WARN_UNUSED_VARIABLE = YES;
				IPHONEOS_DEPLOYMENT_TARGET = 13.5;
				MTL_ENABLE_DEBUG_INFO = INCLUDE_SOURCE;
				MTL_FAST_MATH = YES;
				ONLY_ACTIVE_ARCH = YES;
				SDKROOT = iphoneos;
				SWIFT_ACTIVE_COMPILATION_CONDITIONS = DEBUG;
				SWIFT_OPTIMIZATION_LEVEL = "-Onone";
			};
			name = Debug;
		};
		2A30C24C2501F35900BEAC9E /* Release */ = {
			isa = XCBuildConfiguration;
			buildSettings = {
				ALWAYS_SEARCH_USER_PATHS = NO;
				CLANG_ANALYZER_NONNULL = YES;
				CLANG_ANALYZER_NUMBER_OBJECT_CONVERSION = YES_AGGRESSIVE;
				CLANG_CXX_LANGUAGE_STANDARD = "gnu++14";
				CLANG_CXX_LIBRARY = "libc++";
				CLANG_ENABLE_MODULES = YES;
				CLANG_ENABLE_OBJC_ARC = YES;
				CLANG_ENABLE_OBJC_WEAK = YES;
				CLANG_WARN_BLOCK_CAPTURE_AUTORELEASING = YES;
				CLANG_WARN_BOOL_CONVERSION = YES;
				CLANG_WARN_COMMA = YES;
				CLANG_WARN_CONSTANT_CONVERSION = YES;
				CLANG_WARN_DEPRECATED_OBJC_IMPLEMENTATIONS = YES;
				CLANG_WARN_DIRECT_OBJC_ISA_USAGE = YES_ERROR;
				CLANG_WARN_DOCUMENTATION_COMMENTS = YES;
				CLANG_WARN_EMPTY_BODY = YES;
				CLANG_WARN_ENUM_CONVERSION = YES;
				CLANG_WARN_INFINITE_RECURSION = YES;
				CLANG_WARN_INT_CONVERSION = YES;
				CLANG_WARN_NON_LITERAL_NULL_CONVERSION = YES;
				CLANG_WARN_OBJC_IMPLICIT_RETAIN_SELF = YES;
				CLANG_WARN_OBJC_LITERAL_CONVERSION = YES;
				CLANG_WARN_OBJC_ROOT_CLASS = YES_ERROR;
				CLANG_WARN_RANGE_LOOP_ANALYSIS = YES;
				CLANG_WARN_STRICT_PROTOTYPES = YES;
				CLANG_WARN_SUSPICIOUS_MOVE = YES;
				CLANG_WARN_UNGUARDED_AVAILABILITY = YES_AGGRESSIVE;
				CLANG_WARN_UNREACHABLE_CODE = YES;
				CLANG_WARN__DUPLICATE_METHOD_MATCH = YES;
				COPY_PHASE_STRIP = NO;
				DEBUG_INFORMATION_FORMAT = "dwarf-with-dsym";
				ENABLE_NS_ASSERTIONS = NO;
				ENABLE_STRICT_OBJC_MSGSEND = YES;
				GCC_C_LANGUAGE_STANDARD = gnu11;
				GCC_NO_COMMON_BLOCKS = YES;
				GCC_WARN_64_TO_32_BIT_CONVERSION = YES;
				GCC_WARN_ABOUT_RETURN_TYPE = YES_ERROR;
				GCC_WARN_UNDECLARED_SELECTOR = YES;
				GCC_WARN_UNINITIALIZED_AUTOS = YES_AGGRESSIVE;
				GCC_WARN_UNUSED_FUNCTION = YES;
				GCC_WARN_UNUSED_VARIABLE = YES;
				IPHONEOS_DEPLOYMENT_TARGET = 13.5;
				MTL_ENABLE_DEBUG_INFO = NO;
				MTL_FAST_MATH = YES;
				SDKROOT = iphoneos;
				SWIFT_COMPILATION_MODE = wholemodule;
				SWIFT_OPTIMIZATION_LEVEL = "-O";
				VALIDATE_PRODUCT = YES;
			};
			name = Release;
		};
		2A30C24E2501F35900BEAC9E /* Debug */ = {
			isa = XCBuildConfiguration;
			baseConfigurationReference = D596E7EA0012D6C6F074E5AF /* Pods-20200904ConstraintTraining.debug.xcconfig */;
			buildSettings = {
				ASSETCATALOG_COMPILER_APPICON_NAME = AppIcon;
				CODE_SIGN_STYLE = Automatic;
				DEVELOPMENT_TEAM = KXKQCH6X89;
				INFOPLIST_FILE = 20200904ConstraintTraining/Info.plist;
				LD_RUNPATH_SEARCH_PATHS = (
					"$(inherited)",
					"@executable_path/Frameworks",
				);
				PRODUCT_BUNDLE_IDENTIFIER = "Young-ho-park.-0200904ConstraintTraining";
				PRODUCT_NAME = "$(TARGET_NAME)";
				SWIFT_VERSION = 5.0;
				TARGETED_DEVICE_FAMILY = "1,2";
			};
			name = Debug;
		};
		2A30C24F2501F35900BEAC9E /* Release */ = {
			isa = XCBuildConfiguration;
			baseConfigurationReference = 8692FF9603908454DA82AF04 /* Pods-20200904ConstraintTraining.release.xcconfig */;
			buildSettings = {
				ASSETCATALOG_COMPILER_APPICON_NAME = AppIcon;
				CODE_SIGN_STYLE = Automatic;
				DEVELOPMENT_TEAM = KXKQCH6X89;
				INFOPLIST_FILE = 20200904ConstraintTraining/Info.plist;
				LD_RUNPATH_SEARCH_PATHS = (
					"$(inherited)",
					"@executable_path/Frameworks",
				);
				PRODUCT_BUNDLE_IDENTIFIER = "Young-ho-park.-0200904ConstraintTraining";
				PRODUCT_NAME = "$(TARGET_NAME)";
				SWIFT_VERSION = 5.0;
				TARGETED_DEVICE_FAMILY = "1,2";
			};
			name = Release;
		};
/* End XCBuildConfiguration section */

/* Begin XCConfigurationList section */
		2A30C2312501F35400BEAC9E /* Build configuration list for PBXProject "20200904ConstraintTraining" */ = {
			isa = XCConfigurationList;
			buildConfigurations = (
				2A30C24B2501F35900BEAC9E /* Debug */,
				2A30C24C2501F35900BEAC9E /* Release */,
			);
			defaultConfigurationIsVisible = 0;
			defaultConfigurationName = Release;
		};
		2A30C24D2501F35900BEAC9E /* Build configuration list for PBXNativeTarget "20200904ConstraintTraining" */ = {
			isa = XCConfigurationList;
			buildConfigurations = (
				2A30C24E2501F35900BEAC9E /* Debug */,
				2A30C24F2501F35900BEAC9E /* Release */,
			);
			defaultConfigurationIsVisible = 0;
			defaultConfigurationName = Release;
		};
/* End XCConfigurationList section */

/* Begin XCVersionGroup section */
		2A30C2422501F35400BEAC9E /* _0200904ConstraintTraining.xcdatamodeld */ = {
			isa = XCVersionGroup;
			children = (
				2A30C2432501F35400BEAC9E /* _0200904ConstraintTraining.xcdatamodel */,
			);
			currentVersion = 2A30C2432501F35400BEAC9E /* _0200904ConstraintTraining.xcdatamodel */;
			path = _0200904ConstraintTraining.xcdatamodeld;
			sourceTree = "<group>";
			versionGroupType = wrapper.xcdatamodel;
		};
/* End XCVersionGroup section */
	};
	rootObject = 2A30C22E2501F35400BEAC9E /* Project object */;
}
